
Microsoft Visual Studio Solution File, Format Version 12.00
# Visual Studio Version 17
VisualStudioVersion = 17.8.34525.116
MinimumVisualStudioVersion = 10.0.40219.1
Project("{FAE04EC0-301F-11D3-BF4B-00C04F79EFBC}") = "BarcodeProductAPI", "BarcodeProductAPI\BarcodeProductAPI.csproj", "{12EB9A07-FFF0-412A-89FB-407A7A4120A2}"
EndProject
Global
	GlobalSection(SolutionConfigurationPlatforms) = preSolution
		Debug|Any CPU = Debug|Any CPU
		Release|Any CPU = Release|Any CPU
	EndGlobalSection
	GlobalSection(ProjectConfigurationPlatforms) = postSolution
		{12EB9A07-FFF0-412A-89FB-407A7A4120A2}.Debug|Any CPU.ActiveCfg = Debug|Any CPU
		{12EB9A07-FFF0-412A-89FB-407A7A4120A2}.Debug|Any CPU.Build.0 = Debug|Any CPU
		{12EB9A07-FFF0-412A-89FB-407A7A4120A2}.Release|Any CPU.ActiveCfg = Release|Any CPU
		{12EB9A07-FFF0-412A-89FB-407A7A4120A2}.Release|Any CPU.Build.0 = Release|Any CPU
	EndGlobalSection
	GlobalSection(SolutionProperties) = preSolution
		HideSolutionNode = FALSE
	EndGlobalSection
	GlobalSection(ExtensibilityGlobals) = postSolution
		SolutionGuid = {4C7FCA0C-A300-494B-B986-D77398E9E3E2}
	EndGlobalSection
EndGlobal
